
Microsoft Visual Studio Solution File, Format Version 12.00
# Visual Studio Version 17
VisualStudioVersion = 17.0.31903.59
MinimumVisualStudioVersion = 10.0.40219.1
Project("{2150E333-8FDC-42A3-9474-1A3956D46DE8}") = "src", "src", "{827E0CD3-B72D-47B6-A68D-7590B98EB39B}"
EndProject
Project("{FAE04EC0-301F-11D3-BF4B-00C04F79EFBC}") = "GitTree.App", "src\GitTree.App\GitTree.App.csproj", "{01ECAED9-C568-4DDD-99F4-7376D31DC431}"
EndProject
Project("{FAE04EC0-301F-11D3-BF4B-00C04F79EFBC}") = "GitTree.Core", "src\GitTree.Core\GitTree.Core.csproj", "{C83BA020-E8FC-4014-ADE5-5D96C5FC1FEA}"
EndProject
Project("{FAE04EC0-301F-11D3-BF4B-00C04F79EFBC}") = "GitTree.Git.Cli", "src\GitTree.Git.Cli\GitTree.Git.Cli.csproj", "{D89B485D-905C-4BBE-827E-B4F92F2670D0}"
EndProject
Project("{FAE04EC0-301F-11D3-BF4B-00C04F79EFBC}") = "GitTree.Git.LibGit2", "src\GitTree.Git.LibGit2\GitTree.Git.LibGit2.csproj", "{C31DD30A-03A2-4BA1-AD77-7160E62812F7}"
EndProject
Project("{FAE04EC0-301F-11D3-BF4B-00C04F79EFBC}") = "GitTree.Core.Tests", "tests\GitTree.Core.Tests\GitTree.Core.Tests.csproj", "{93A5D30A-C9D7-4FF0-B774-D33CA636F9BF}"
EndProject
Global
	GlobalSection(SolutionConfigurationPlatforms) = preSolution
		Debug|Any CPU = Debug|Any CPU
		Debug|x64 = Debug|x64
		Debug|x86 = Debug|x86
		Release|Any CPU = Release|Any CPU
		Release|x64 = Release|x64
		Release|x86 = Release|x86
	EndGlobalSection
	GlobalSection(ProjectConfigurationPlatforms) = postSolution
		{01ECAED9-C568-4DDD-99F4-7376D31DC431}.Debug|Any CPU.ActiveCfg = Debug|Any CPU
		{01ECAED9-C568-4DDD-99F4-7376D31DC431}.Debug|Any CPU.Build.0 = Debug|Any CPU
		{01ECAED9-C568-4DDD-99F4-7376D31DC431}.Debug|x64.ActiveCfg = Debug|Any CPU
		{01ECAED9-C568-4DDD-99F4-7376D31DC431}.Debug|x64.Build.0 = Debug|Any CPU
		{01ECAED9-C568-4DDD-99F4-7376D31DC431}.Debug|x86.ActiveCfg = Debug|Any CPU
		{01ECAED9-C568-4DDD-99F4-7376D31DC431}.Debug|x86.Build.0 = Debug|Any CPU
		{01ECAED9-C568-4DDD-99F4-7376D31DC431}.Release|Any CPU.ActiveCfg = Release|Any CPU
		{01ECAED9-C568-4DDD-99F4-7376D31DC431}.Release|Any CPU.Build.0 = Release|Any CPU
		{01ECAED9-C568-4DDD-99F4-7376D31DC431}.Release|x64.ActiveCfg = Release|Any CPU
		{01ECAED9-C568-4DDD-99F4-7376D31DC431}.Release|x64.Build.0 = Release|Any CPU
		{01ECAED9-C568-4DDD-99F4-7376D31DC431}.Release|x86.ActiveCfg = Release|Any CPU
		{01ECAED9-C568-4DDD-99F4-7376D31DC431}.Release|x86.Build.0 = Release|Any CPU
		{C83BA020-E8FC-4014-ADE5-5D96C5FC1FEA}.Debug|Any CPU.ActiveCfg = Debug|Any CPU
		{C83BA020-E8FC-4014-ADE5-5D96C5FC1FEA}.Debug|Any CPU.Build.0 = Debug|Any CPU
		{C83BA020-E8FC-4014-ADE5-5D96C5FC1FEA}.Debug|x64.ActiveCfg = Debug|Any CPU
		{C83BA020-E8FC-4014-ADE5-5D96C5FC1FEA}.Debug|x64.Build.0 = Debug|Any CPU
		{C83BA020-E8FC-4014-ADE5-5D96C5FC1FEA}.Debug|x86.ActiveCfg = Debug|Any CPU
		{C83BA020-E8FC-4014-ADE5-5D96C5FC1FEA}.Debug|x86.Build.0 = Debug|Any CPU
		{C83BA020-E8FC-4014-ADE5-5D96C5FC1FEA}.Release|Any CPU.ActiveCfg = Release|Any CPU
		{C83BA020-E8FC-4014-ADE5-5D96C5FC1FEA}.Release|Any CPU.Build.0 = Release|Any CPU
		{C83BA020-E8FC-4014-ADE5-5D96C5FC1FEA}.Release|x64.ActiveCfg = Release|Any CPU
		{C83BA020-E8FC-4014-ADE5-5D96C5FC1FEA}.Release|x64.Build.0 = Release|Any CPU
		{C83BA020-E8FC-4014-ADE5-5D96C5FC1FEA}.Release|x86.ActiveCfg = Release|Any CPU
		{C83BA020-E8FC-4014-ADE5-5D96C5FC1FEA}.Release|x86.Build.0 = Release|Any CPU
		{D89B485D-905C-4BBE-827E-B4F92F2670D0}.Debug|Any CPU.ActiveCfg = Debug|Any CPU
		{D89B485D-905C-4BBE-827E-B4F92F2670D0}.Debug|Any CPU.Build.0 = Debug|Any CPU
		{D89B485D-905C-4BBE-827E-B4F92F2670D0}.Debug|x64.ActiveCfg = Debug|Any CPU
		{D89B485D-905C-4BBE-827E-B4F92F2670D0}.Debug|x64.Build.0 = Debug|Any CPU
		{D89B485D-905C-4BBE-827E-B4F92F2670D0}.Debug|x86.ActiveCfg = Debug|Any CPU
		{D89B485D-905C-4BBE-827E-B4F92F2670D0}.Debug|x86.Build.0 = Debug|Any CPU
		{D89B485D-905C-4BBE-827E-B4F92F2670D0}.Release|Any CPU.ActiveCfg = Release|Any CPU
		{D89B485D-905C-4BBE-827E-B4F92F2670D0}.Release|Any CPU.Build.0 = Release|Any CPU
		{D89B485D-905C-4BBE-827E-B4F92F2670D0}.Release|x64.ActiveCfg = Release|Any CPU
		{D89B485D-905C-4BBE-827E-B4F92F2670D0}.Release|x64.Build.0 = Release|Any CPU
		{D89B485D-905C-4BBE-827E-B4F92F2670D0}.Release|x86.ActiveCfg = Release|Any CPU
		{D89B485D-905C-4BBE-827E-B4F92F2670D0}.Release|x86.Build.0 = Release|Any CPU
		{C31DD30A-03A2-4BA1-AD77-7160E62812F7}.Debug|Any CPU.ActiveCfg = Debug|Any CPU
		{C31DD30A-03A2-4BA1-AD77-7160E62812F7}.Debug|Any CPU.Build.0 = Debug|Any CPU
		{C31DD30A-03A2-4BA1-AD77-7160E62812F7}.Debug|x64.ActiveCfg = Debug|Any CPU
		{C31DD30A-03A2-4BA1-AD77-7160E62812F7}.Debug|x64.Build.0 = Debug|Any CPU
		{C31DD30A-03A2-4BA1-AD77-7160E62812F7}.Debug|x86.ActiveCfg = Debug|Any CPU
		{C31DD30A-03A2-4BA1-AD77-7160E62812F7}.Debug|x86.Build.0 = Debug|Any CPU
		{C31DD30A-03A2-4BA1-AD77-7160E62812F7}.Release|Any CPU.ActiveCfg = Release|Any CPU
		{C31DD30A-03A2-4BA1-AD77-7160E62812F7}.Release|Any CPU.Build.0 = Release|Any CPU
		{C31DD30A-03A2-4BA1-AD77-7160E62812F7}.Release|x64.ActiveCfg = Release|Any CPU
		{C31DD30A-03A2-4BA1-AD77-7160E62812F7}.Release|x64.Build.0 = Release|Any CPU
		{C31DD30A-03A2-4BA1-AD77-7160E62812F7}.Release|x86.ActiveCfg = Release|Any CPU
		{C31DD30A-03A2-4BA1-AD77-7160E62812F7}.Release|x86.Build.0 = Release|Any CPU
		{93A5D30A-C9D7-4FF0-B774-D33CA636F9BF}.Debug|Any CPU.ActiveCfg = Debug|Any CPU
		{93A5D30A-C9D7-4FF0-B774-D33CA636F9BF}.Debug|Any CPU.Build.0 = Debug|Any CPU
		{93A5D30A-C9D7-4FF0-B774-D33CA636F9BF}.Debug|x64.ActiveCfg = Debug|Any CPU
		{93A5D30A-C9D7-4FF0-B774-D33CA636F9BF}.Debug|x64.Build.0 = Debug|Any CPU
		{93A5D30A-C9D7-4FF0-B774-D33CA636F9BF}.Debug|x86.ActiveCfg = Debug|Any CPU
		{93A5D30A-C9D7-4FF0-B774-D33CA636F9BF}.Debug|x86.Build.0 = Debug|Any CPU
		{93A5D30A-C9D7-4FF0-B774-D33CA636F9BF}.Release|Any CPU.ActiveCfg = Release|Any CPU
		{93A5D30A-C9D7-4FF0-B774-D33CA636F9BF}.Release|Any CPU.Build.0 = Release|Any CPU
		{93A5D30A-C9D7-4FF0-B774-D33CA636F9BF}.Release|x64.ActiveCfg = Release|Any CPU
		{93A5D30A-C9D7-4FF0-B774-D33CA636F9BF}.Release|x64.Build.0 = Release|Any CPU
		{93A5D30A-C9D7-4FF0-B774-D33CA636F9BF}.Release|x86.ActiveCfg = Release|Any CPU
		{93A5D30A-C9D7-4FF0-B774-D33CA636F9BF}.Release|x86.Build.0 = Release|Any CPU
	EndGlobalSection
	GlobalSection(SolutionProperties) = preSolution
		HideSolutionNode = FALSE
	EndGlobalSection
	GlobalSection(NestedProjects) = preSolution
		{01ECAED9-C568-4DDD-99F4-7376D31DC431} = {827E0CD3-B72D-47B6-A68D-7590B98EB39B}
		{C83BA020-E8FC-4014-ADE5-5D96C5FC1FEA} = {827E0CD3-B72D-47B6-A68D-7590B98EB39B}
		{D89B485D-905C-4BBE-827E-B4F92F2670D0} = {827E0CD3-B72D-47B6-A68D-7590B98EB39B}
		{C31DD30A-03A2-4BA1-AD77-7160E62812F7} = {827E0CD3-B72D-47B6-A68D-7590B98EB39B}
		{93A5D30A-C9D7-4FF0-B774-D33CA636F9BF} = {827E0CD3-B72D-47B6-A68D-7590B98EB39B}
	EndGlobalSection
EndGlobal
